{
  "lockfileVersion": 1,
  "workspaces": {
    "": {
      "dependencies": {
        "django": "^1.0.0",
      },
    },
  },
  "packages": {
    "django": ["django@1.0.0", "", {}, "sha512-PWiLJnnmf+Mghtm1J/YCZMQLM+N8rrz+bBgchOGM9ldJx9IlXM0D8h4u0vfCM85XafEbWAE8JyFbESykgiBhEw=="],
  }
}
